
Microsoft Visual Studio Solution File, Format Version 11.00
# Visual Studio 2010
Project("{FAE04EC0-301F-11D3-BF4B-00C04F79EFBC}") = "FLAGSYSTEMPV-2017", "FLAGSYSTEMPV-2017\FLAGSYSTEMPV-2017.csproj", "{CC8861AC-019E-41FF-A1C4-A9FB8E5EFF51}"
EndProject
Global
	GlobalSection(SolutionConfigurationPlatforms) = preSolution
		Debug|Any CPU = Debug|Any CPU
		Debug|Mixed Platforms = Debug|Mixed Platforms
		Debug|x86 = Debug|x86
		Dotfuscated|Any CPU = Dotfuscated|Any CPU
		Dotfuscated|Mixed Platforms = Dotfuscated|Mixed Platforms
		Dotfuscated|x86 = Dotfuscated|x86
		Release|Any CPU = Release|Any CPU
		Release|Mixed Platforms = Release|Mixed Platforms
		Release|x86 = Release|x86
	EndGlobalSection
	GlobalSection(ProjectConfigurationPlatforms) = postSolution
		{CC8861AC-019E-41FF-A1C4-A9FB8E5EFF51}.Debug|Any CPU.ActiveCfg = Debug|x86
		{CC8861AC-019E-41FF-A1C4-A9FB8E5EFF51}.Debug|Mixed Platforms.ActiveCfg = Debug|x86
		{CC8861AC-019E-41FF-A1C4-A9FB8E5EFF51}.Debug|Mixed Platforms.Build.0 = Debug|x86
		{CC8861AC-019E-41FF-A1C4-A9FB8E5EFF51}.Debug|x86.ActiveCfg = Debug|x86
		{CC8861AC-019E-41FF-A1C4-A9FB8E5EFF51}.Debug|x86.Build.0 = Debug|x86
		{CC8861AC-019E-41FF-A1C4-A9FB8E5EFF51}.Dotfuscated|Any CPU.ActiveCfg = Dotfuscated|x86
		{CC8861AC-019E-41FF-A1C4-A9FB8E5EFF51}.Dotfuscated|Mixed Platforms.ActiveCfg = Debug|x86
		{CC8861AC-019E-41FF-A1C4-A9FB8E5EFF51}.Dotfuscated|Mixed Platforms.Build.0 = Debug|x86
		{CC8861AC-019E-41FF-A1C4-A9FB8E5EFF51}.Dotfuscated|x86.ActiveCfg = Dotfuscated|x86
		{CC8861AC-019E-41FF-A1C4-A9FB8E5EFF51}.Dotfuscated|x86.Build.0 = Dotfuscated|x86
		{CC8861AC-019E-41FF-A1C4-A9FB8E5EFF51}.Release|Any CPU.ActiveCfg = Release|x86
		{CC8861AC-019E-41FF-A1C4-A9FB8E5EFF51}.Release|Mixed Platforms.ActiveCfg = Release|x86
		{CC8861AC-019E-41FF-A1C4-A9FB8E5EFF51}.Release|Mixed Platforms.Build.0 = Release|x86
		{CC8861AC-019E-41FF-A1C4-A9FB8E5EFF51}.Release|x86.ActiveCfg = Release|x86
		{CC8861AC-019E-41FF-A1C4-A9FB8E5EFF51}.Release|x86.Build.0 = Release|x86
	EndGlobalSection
	GlobalSection(SolutionProperties) = preSolution
		HideSolutionNode = FALSE
	EndGlobalSection
EndGlobal
