
Microsoft Visual Studio Solution File, Format Version 12.00
# Visual Studio 2013
VisualStudioVersion = 12.0.31101.0
MinimumVisualStudioVersion = 10.0.40219.1
Project("{FAE04EC0-301F-11D3-BF4B-00C04F79EFBC}") = "RawPrint", "RawPrint\RawPrint.csproj", "{54BF59A6-E98D-41EA-8020-A2F5BED4FED5}"
EndProject
Project("{FAE04EC0-301F-11D3-BF4B-00C04F79EFBC}") = "RP", "RP\RP.csproj", "{7C776E80-2B19-43D3-9A0A-332CA2D8B2F9}"
EndProject
Project("{2150E333-8FDC-42A3-9474-1A3956D46DE8}") = "Solution Items", "Solution Items", "{A20F4DD3-6F5E-4586-AE30-13B0C8F05643}"
	ProjectSection(SolutionItems) = preProject
		README.md = README.md
	EndProjectSection
EndProject
Global
	GlobalSection(SolutionConfigurationPlatforms) = preSolution
		Debug|Any CPU = Debug|Any CPU
		Release|Any CPU = Release|Any CPU
	EndGlobalSection
	GlobalSection(ProjectConfigurationPlatforms) = postSolution
		{54BF59A6-E98D-41EA-8020-A2F5BED4FED5}.Debug|Any CPU.ActiveCfg = Debug|Any CPU
		{54BF59A6-E98D-41EA-8020-A2F5BED4FED5}.Debug|Any CPU.Build.0 = Debug|Any CPU
		{54BF59A6-E98D-41EA-8020-A2F5BED4FED5}.Release|Any CPU.ActiveCfg = Release|Any CPU
		{54BF59A6-E98D-41EA-8020-A2F5BED4FED5}.Release|Any CPU.Build.0 = Release|Any CPU
		{7C776E80-2B19-43D3-9A0A-332CA2D8B2F9}.Debug|Any CPU.ActiveCfg = Debug|Any CPU
		{7C776E80-2B19-43D3-9A0A-332CA2D8B2F9}.Debug|Any CPU.Build.0 = Debug|Any CPU
		{7C776E80-2B19-43D3-9A0A-332CA2D8B2F9}.Release|Any CPU.ActiveCfg = Release|Any CPU
		{7C776E80-2B19-43D3-9A0A-332CA2D8B2F9}.Release|Any CPU.Build.0 = Release|Any CPU
	EndGlobalSection
	GlobalSection(SolutionProperties) = preSolution
		HideSolutionNode = FALSE
	EndGlobalSection
EndGlobal
